# THIS IS AN AUTOGENERATED FILE. DO NOT EDIT THIS FILE DIRECTLY.
# yarn lockfile v1


"@derhuerst/http-basic@^8.2.0":
  version "8.2.4"
  resolved "https://registry.npmjs.org/@derhuerst/http-basic/-/http-basic-8.2.4.tgz"
  integrity sha512-F9rL9k9Xjf5blCz8HsJRO4diy111cayL2vkY2XE4r4t3n0yPXVYy3KD3nJ1qbrSn9743UWSXH4IwuCa/HWlGFw==
  dependencies:
    caseless "^0.12.0"
    concat-stream "^2.0.0"
    http-response-object "^3.0.1"
    parse-cache-control "^1.0.1"

"@discord-player/equalizer@^0.2.3":
  version "0.2.3"
  resolved "https://registry.npmjs.org/@discord-player/equalizer/-/equalizer-0.2.3.tgz"
  integrity sha512-71UAepYMbHTg2QQLXQAgyuXYHrgAYpJDxjg9dRWfTUNf+zfOAlyJEiRRk/WFhQyGu6m23iLR/H/JxgF4AW8Csg==

"@discord-player/extractor@^4.4.7":
  version "4.4.7"
  resolved "https://registry.npmjs.org/@discord-player/extractor/-/extractor-4.4.7.tgz"
  integrity sha512-XHG9Y45rQVWk3quf0IJqAj1ybTqiRgAy6vr5hnlaDZeaxXlsHRlDSzmSYl+teFVw2G9bjzR0jIvm8a4BW9hCBw==
  dependencies:
    file-type "^16.5.4"
    genius-lyrics "^4.4.6"
    isomorphic-unfetch "^4.0.2"
    node-html-parser "^6.1.4"
    reverbnation-scraper "^2.0.0"
    soundcloud.ts "^0.5.2"
    spotify-url-info "^3.2.6"
    youtube-sr "^4.3.9"

"@discord-player/ffmpeg@^0.1.0":
  version "0.1.0"
  resolved "https://registry.npmjs.org/@discord-player/ffmpeg/-/ffmpeg-0.1.0.tgz"
  integrity sha512-0kW6q4gMQN2B4Z4EzmUgXrKQSXXmyhjdZBBZ/6jSHZ9fh814oOu+JXP01VvtWHwTylI7qJHIctEWtSyjEubCJg==

"@discord-player/opus@^0.1.2":
  version "0.1.2"
  resolved "https://registry.npmjs.org/@discord-player/opus/-/opus-0.1.2.tgz"
  integrity sha512-yF0m+pW7H9RCbRcgk/i6vv47tlWxaCHjp6/F0W4GXZMGZ0pcvZaxk8ic7aFPc3+IoDvrAHvWNomLq+JeFzdncA==

"@discord-player/utils@^0.2.2":
  version "0.2.2"
  resolved "https://registry.npmjs.org/@discord-player/utils/-/utils-0.2.2.tgz"
  integrity sha512-UklWUT7BcZEkBgywM9Cmpo2nwj3SQ9Wmhu6ml1uy/YRQnY8IRdZEHD84T2kfjOg4LVZek0ej1VerIqq7a9PAHQ==
  dependencies:
    "@discordjs/collection" "^1.1.0"

"@discordjs/builders@^1.8.2":
  version "1.8.2"
  resolved "https://registry.npmjs.org/@discordjs/builders/-/builders-1.8.2.tgz"
  integrity sha512-6wvG3QaCjtMu0xnle4SoOIeFB4y6fKMN6WZfy3BMKJdQQtPLik8KGzDwBVL/+wTtcE/ZlFjgEk74GublyEVZ7g==
  dependencies:
    "@discordjs/formatters" "^0.4.0"
    "@discordjs/util" "^1.1.0"
    "@sapphire/shapeshift" "^3.9.7"
    discord-api-types "0.37.83"
    fast-deep-equal "^3.1.3"
    ts-mixer "^6.0.4"
    tslib "^2.6.2"

"@discordjs/collection@^1.1.0":
  version "1.5.3"
  resolved "https://registry.npmjs.org/@discordjs/collection/-/collection-1.5.3.tgz"
  integrity sha512-SVb428OMd3WO1paV3rm6tSjM4wC+Kecaa1EUGX7vc6/fddvw/6lg90z4QtCqm21zvVe92vMMDt9+DkIvjXImQQ==

"@discordjs/collection@^2.1.0":
  version "2.1.0"
  resolved "https://registry.npmjs.org/@discordjs/collection/-/collection-2.1.0.tgz"
  integrity sha512-mLcTACtXUuVgutoznkh6hS3UFqYirDYAg5Dc1m8xn6OvPjetnUlf/xjtqnnc47OwWdaoCQnHmHh9KofhD6uRqw==

"@discordjs/collection@1.5.3":
  version "1.5.3"
  resolved "https://registry.npmjs.org/@discordjs/collection/-/collection-1.5.3.tgz"
  integrity sha512-SVb428OMd3WO1paV3rm6tSjM4wC+Kecaa1EUGX7vc6/fddvw/6lg90z4QtCqm21zvVe92vMMDt9+DkIvjXImQQ==

"@discordjs/formatters@^0.4.0":
  version "0.4.0"
  resolved "https://registry.npmjs.org/@discordjs/formatters/-/formatters-0.4.0.tgz"
  integrity sha512-fJ06TLC1NiruF35470q3Nr1bi95BdvKFAF+T5bNfZJ4bNdqZ3VZ+Ttg6SThqTxm6qumSG3choxLBHMC69WXNXQ==
  dependencies:
    discord-api-types "0.37.83"

"@discordjs/rest@^2.3.0":
  version "2.3.0"
  resolved "https://registry.npmjs.org/@discordjs/rest/-/rest-2.3.0.tgz"
  integrity sha512-C1kAJK8aSYRv3ZwMG8cvrrW4GN0g5eMdP8AuN8ODH5DyOCbHgJspze1my3xHOAgwLJdKUbWNVyAeJ9cEdduqIg==
  dependencies:
    "@discordjs/collection" "^2.1.0"
    "@discordjs/util" "^1.1.0"
    "@sapphire/async-queue" "^1.5.2"
    "@sapphire/snowflake" "^3.5.3"
    "@vladfrangu/async_event_emitter" "^2.2.4"
    discord-api-types "0.37.83"
    magic-bytes.js "^1.10.0"
    tslib "^2.6.2"
    undici "6.13.0"

"@discordjs/util@^1.1.0":
  version "1.1.0"
  resolved "https://registry.npmjs.org/@discordjs/util/-/util-1.1.0.tgz"
  integrity sha512-IndcI5hzlNZ7GS96RV3Xw1R2kaDuXEp7tRIy/KlhidpN/BQ1qh1NZt3377dMLTa44xDUNKT7hnXkA/oUAzD/lg==

"@discordjs/ws@^1.1.1":
  version "1.1.1"
  resolved "https://registry.npmjs.org/@discordjs/ws/-/ws-1.1.1.tgz"
  integrity sha512-PZ+vLpxGCRtmr2RMkqh8Zp+BenUaJqlS6xhgWKEZcgC/vfHLEzpHtKkB0sl3nZWpwtcKk6YWy+pU3okL2I97FA==
  dependencies:
    "@discordjs/collection" "^2.1.0"
    "@discordjs/rest" "^2.3.0"
    "@discordjs/util" "^1.1.0"
    "@sapphire/async-queue" "^1.5.2"
    "@types/ws" "^8.5.10"
    "@vladfrangu/async_event_emitter" "^2.2.4"
    discord-api-types "0.37.83"
    tslib "^2.6.2"
    ws "^8.16.0"

"@ffmpeg-installer/ffmpeg@^1.1.0":
  version "1.1.0"
  resolved "https://registry.npmjs.org/@ffmpeg-installer/ffmpeg/-/ffmpeg-1.1.0.tgz"
  integrity sha512-Uq4rmwkdGxIa9A6Bd/VqqYbT7zqh1GrT5/rFwCwKM70b42W5gIjWeVETq6SdcL0zXqDtY081Ws/iJWhr1+xvQg==
  optionalDependencies:
    "@ffmpeg-installer/darwin-arm64" "4.1.5"
    "@ffmpeg-installer/darwin-x64" "4.1.0"
    "@ffmpeg-installer/linux-arm" "4.1.3"
    "@ffmpeg-installer/linux-arm64" "4.1.4"
    "@ffmpeg-installer/linux-ia32" "4.1.0"
    "@ffmpeg-installer/linux-x64" "4.1.0"
    "@ffmpeg-installer/win32-ia32" "4.1.0"
    "@ffmpeg-installer/win32-x64" "4.1.0"

"@ffmpeg-installer/win32-x64@4.1.0":
  version "4.1.0"
  resolved "https://registry.npmjs.org/@ffmpeg-installer/win32-x64/-/win32-x64-4.1.0.tgz"
  integrity sha512-Drt5u2vzDnIONf4ZEkKtFlbvwj6rI3kxw1Ck9fpudmtgaZIHD4ucsWB2lCZBXRxJgXR+2IMSti+4rtM4C4rXgg==

"@mithron/deezer-music-metadata@^1.0.3":
  version "1.0.3"
  resolved "https://registry.npmjs.org/@mithron/deezer-music-metadata/-/deezer-music-metadata-1.0.3.tgz"
  integrity sha512-/RwhXUp7pfGRNoWOODOTA+ZtSCD0MnY6MDRRCbXXynMIGCOJUBUXXhCtuw6Z+2f785ggoSqwNSi1U6bsbJWBvw==
  dependencies:
    axios "^0.27.2"
    cheerio "^1.0.0-rc.12"

"@sapphire/async-queue@^1.5.2":
  version "1.5.2"
  resolved "https://registry.npmjs.org/@sapphire/async-queue/-/async-queue-1.5.2.tgz"
  integrity sha512-7X7FFAA4DngXUl95+hYbUF19bp1LGiffjJtu7ygrZrbdCSsdDDBaSjB7Akw0ZbOu6k0xpXyljnJ6/RZUvLfRdg==

"@sapphire/shapeshift@^3.9.7":
  version "3.9.7"
  resolved "https://registry.npmjs.org/@sapphire/shapeshift/-/shapeshift-3.9.7.tgz"
  integrity sha512-4It2mxPSr4OGn4HSQWGmhFMsNFGfFVhWeRPCRwbH972Ek2pzfGRZtb0pJ4Ze6oIzcyh2jw7nUDa6qGlWofgd9g==
  dependencies:
    fast-deep-equal "^3.1.3"
    lodash "^4.17.21"

"@sapphire/snowflake@^3.5.3", "@sapphire/snowflake@3.5.3":
  version "3.5.3"
  resolved "https://registry.npmjs.org/@sapphire/snowflake/-/snowflake-3.5.3.tgz"
  integrity sha512-jjmJywLAFoWeBi1W7994zZyiNWPIiqRRNAmSERxyg93xRGzNYvGjlZ0gR6x0F4gPRi2+0O6S71kOZYyr3cxaIQ==

"@tokenizer/token@^0.3.0":
  version "0.3.0"
  resolved "https://registry.npmjs.org/@tokenizer/token/-/token-0.3.0.tgz"
  integrity sha512-OvjF+z51L3ov0OyAU0duzsYuvO01PH7x4t6DJx+guahgTnBHkhJdG7soQeTSFLWN3efnHyibZ4Z8l2EuWwJN3A==

"@types/node@*":
  version "20.14.2"
  resolved "https://registry.npmjs.org/@types/node/-/node-20.14.2.tgz"
  integrity sha512-xyu6WAMVwv6AKFLB+e/7ySZVr/0zLCzOa7rSpq6jNwpqOrUbcACDWC+53d4n2QHOnDou0fbIsg8wZu/sxrnI4Q==
  dependencies:
    undici-types "~5.26.4"

"@types/node@^10.0.3":
  version "10.17.60"
  resolved "https://registry.npmjs.org/@types/node/-/node-10.17.60.tgz"
  integrity sha512-F0KIgDJfy2nA3zMLmWGKxcH2ZVEtCZXHHdOQs2gSaQ27+lNeEfGxzkIw90aXswATX7AZ33tahPbzy6KAfUreVw==

"@types/ws@^8.5.10", "@types/ws@^8.5.5":
  version "8.5.10"
  resolved "https://registry.npmjs.org/@types/ws/-/ws-8.5.10.tgz"
  integrity sha512-vmQSUcfalpIq0R9q7uTo2lXs6eGIpt9wtnLdMv9LVpIjCA/+ufZRozlVoVelIYixx1ugCBKDhn89vnsEGOCx9A==
  dependencies:
    "@types/node" "*"

"@vladfrangu/async_event_emitter@^2.2.4":
  version "2.2.4"
  resolved "https://registry.npmjs.org/@vladfrangu/async_event_emitter/-/async_event_emitter-2.2.4.tgz"
  integrity sha512-ButUPz9E9cXMLgvAW8aLAKKJJsPu1dY1/l/E8xzLFuysowXygs6GBcyunK9rnGC4zTsnIc2mQo71rGw9U+Ykug==

"@web-scrobbler/metadata-filter@^3.1.0":
  version "3.1.0"
  resolved "https://registry.npmjs.org/@web-scrobbler/metadata-filter/-/metadata-filter-3.1.0.tgz"
  integrity sha512-3VLxdrcfRZ/jac7VV3v5s3R+HUQ/o4gp8vqZoojGhrvyrYyrjsyuJGaoSiFLoYmwYNAjeqJ/tnvIeJt8DSi4sg==

agent-base@^7.1.1:
  version "7.1.1"
  resolved "https://registry.npmjs.org/agent-base/-/agent-base-7.1.1.tgz"
  integrity sha512-H0TSyFNDMomMNJQBn8wFV5YC/2eJ+VXECwOadZJT554xP6cODZHPX3H9QMQECxvrgiSOP1pHjy1sMWQVYJOUOA==
  dependencies:
    debug "^4.3.4"

agent-base@6:
  version "6.0.2"
  resolved "https://registry.npmjs.org/agent-base/-/agent-base-6.0.2.tgz"
  integrity sha512-RZNwNclF7+MS/8bDg70amg32dyeZGZxiDuQmZxKLAlQjr3jGyLx+4Kkk58UO7D2QdgFIQCovuSuZESne6RG6XQ==
  dependencies:
    debug "4"

asynckit@^0.4.0:
  version "0.4.0"
  resolved "https://registry.npmjs.org/asynckit/-/asynckit-0.4.0.tgz"
  integrity sha512-Oei9OH4tRh0YqU3GxhX79dM/mwVgvbZJaSNaRk+bshkj0S5cfHcgYakreBjrHwatXKbz+IoIdYLxrKim2MjW0Q==

axios@^0.27.2:
  version "0.27.2"
  resolved "https://registry.npmjs.org/axios/-/axios-0.27.2.tgz"
  integrity sha512-t+yRIyySRTp/wua5xEr+z1q60QmLq8ABsS5O9Me1AsE5dfKqgnCFzwiCZZ/cGNd1lq4/7akDWMxdhVlucjmnOQ==
  dependencies:
    follow-redirects "^1.14.9"
    form-data "^4.0.0"

boolbase@^1.0.0:
  version "1.0.0"
  resolved "https://registry.npmjs.org/boolbase/-/boolbase-1.0.0.tgz"
  integrity sha512-JZOSA7Mo9sNGB8+UjSgzdLtokWAky1zbztM3WRLCbZ70/3cTANmQmOdR7y2g+J0e2WXywy1yS468tY+IruqEww==

buffer-from@^1.0.0:
  version "1.1.2"
  resolved "https://registry.npmjs.org/buffer-from/-/buffer-from-1.1.2.tgz"
  integrity sha512-E+XQCRwSbaaiChtv6k6Dwgc+bx+Bs6vuKJHHl5kox/BaKbhiXzqQOwK4cO22yElGp2OCmjwVhT3HmxgyPGnJfQ==

caseless@^0.12.0:
  version "0.12.0"
  resolved "https://registry.npmjs.org/caseless/-/caseless-0.12.0.tgz"
  integrity sha512-4tYFyifaFfGacoiObjJegolkwSU4xQNGbVgUiNYVUxbQ2x2lUsFvY4hVgVzGiIe6WLOPqycWXA40l+PWsxthUw==

cheerio-select@^2.1.0:
  version "2.1.0"
  resolved "https://registry.npmjs.org/cheerio-select/-/cheerio-select-2.1.0.tgz"
  integrity sha512-9v9kG0LvzrlcungtnJtpGNxY+fzECQKhK4EGJX2vByejiMX84MFNQw4UxPJl3bFbTMw+Dfs37XaIkCwTZfLh4g==
  dependencies:
    boolbase "^1.0.0"
    css-select "^5.1.0"
    css-what "^6.1.0"
    domelementtype "^2.3.0"
    domhandler "^5.0.3"
    domutils "^3.0.1"

cheerio@^1.0.0-rc.12:
  version "1.0.0-rc.12"
  resolved "https://registry.npmjs.org/cheerio/-/cheerio-1.0.0-rc.12.tgz"
  integrity sha512-VqR8m68vM46BNnuZ5NtnGBKIE/DfN0cRIzg9n40EIq9NOv90ayxLBXA8fXC5gquFRGJSTRqBq25Jt2ECLR431Q==
  dependencies:
    cheerio-select "^2.1.0"
    dom-serializer "^2.0.0"
    domhandler "^5.0.3"
    domutils "^3.0.1"
    htmlparser2 "^8.0.1"
    parse5 "^7.0.0"
    parse5-htmlparser2-tree-adapter "^7.0.0"

combined-stream@^1.0.8:
  version "1.0.8"
  resolved "https://registry.npmjs.org/combined-stream/-/combined-stream-1.0.8.tgz"
  integrity sha512-FQN4MRfuJeHf7cBbBMJFXhKSDq+2kAArBlmRBvcvFE5BB1HZKXtSFASDhdlz9zOYwxh8lDdnvmMOe/+5cdoEdg==
  dependencies:
    delayed-stream "~1.0.0"

concat-stream@^2.0.0:
  version "2.0.0"
  resolved "https://registry.npmjs.org/concat-stream/-/concat-stream-2.0.0.tgz"
  integrity sha512-MWufYdFw53ccGjCA+Ol7XJYpAlW6/prSMzuPOTRnJGcGzuhLn4Scrz7qf6o8bROZ514ltazcIFJZevcfbo0x7A==
  dependencies:
    buffer-from "^1.0.0"
    inherits "^2.0.3"
    readable-stream "^3.0.2"
    typedarray "^0.0.6"

css-select@^5.1.0:
  version "5.1.0"
  resolved "https://registry.npmjs.org/css-select/-/css-select-5.1.0.tgz"
  integrity sha512-nwoRF1rvRRnnCqqY7updORDsuqKzqYJ28+oSMaJMMgOauh3fvwHqMS7EZpIPqK8GL+g9mKxF1vP/ZjSeNjEVHg==
  dependencies:
    boolbase "^1.0.0"
    css-what "^6.1.0"
    domhandler "^5.0.2"
    domutils "^3.0.1"
    nth-check "^2.0.1"

css-what@^6.1.0:
  version "6.1.0"
  resolved "https://registry.npmjs.org/css-what/-/css-what-6.1.0.tgz"
  integrity sha512-HTUrgRJ7r4dsZKU6GjmpfRK1O76h97Z8MfS1G0FozR+oF2kG6Vfe8JE6zwrkbxigziPHinCJ+gCPjA9EaBDtRw==

data-uri-to-buffer@^4.0.0:
  version "4.0.1"
  resolved "https://registry.npmjs.org/data-uri-to-buffer/-/data-uri-to-buffer-4.0.1.tgz"
  integrity sha512-0R9ikRb668HB7QDxT1vkpuUBtqc53YyAwMwGeUFKRojY/NWKvdZ+9UYtRfGmhqNbRkTSVpMbmyhXipFFv2cb/A==

debug@^4.3.4, debug@4:
  version "4.3.5"
  resolved "https://registry.npmjs.org/debug/-/debug-4.3.5.tgz"
  integrity sha512-pt0bNEmneDIvdL1Xsd9oDQ/wrQRkXDT4AUWlNZNPKvW5x/jyO9VFXkJUP07vQ2upmw5PlaITaPKc31jK13V+jg==
  dependencies:
    ms "2.1.2"

delayed-stream@~1.0.0:
  version "1.0.0"
  resolved "https://registry.npmjs.org/delayed-stream/-/delayed-stream-1.0.0.tgz"
  integrity sha512-ZySD7Nf91aLB0RxL4KGrKHBXl7Eds1DAmEdcoVawXnLD7SDhpNgtuII2aAkg7a7QS41jxPSZ17p4VdGnMHk3MQ==

discord-api-types@^0.37.50, discord-api-types@^0.37.87:
  version "0.37.89"
  resolved "https://registry.npmjs.org/discord-api-types/-/discord-api-types-0.37.89.tgz"
  integrity sha512-+hiYDULKma/0B7Zd9/IYK0XnYlYhWSsPYKNahUk33QEy6yuHdGwlglIfbiTBn683cmJ44IFnFYZa8UX1Ka+kDg==

discord-api-types@0.37.83:
  version "0.37.83"
  resolved "https://registry.npmjs.org/discord-api-types/-/discord-api-types-0.37.83.tgz"
  integrity sha512-urGGYeWtWNYMKnYlZnOnDHm8fVRffQs3U0SpE8RHeiuLKb/u92APS8HoQnPTFbnXmY1vVnXjXO4dOxcAn3J+DA==

discord-player-deezer@^1.0.1:
  version "1.0.1"
  resolved "https://registry.npmjs.org/discord-player-deezer/-/discord-player-deezer-1.0.1.tgz"
  integrity sha512-H4Y6VCLphtocr/pSq6jItxZES11j8QcE1chcPBBRo7QF5kgGo/Hr7uhYi0jkT+LlS3VZQvj264dajmX/n636IA==
  dependencies:
    "@mithron/deezer-music-metadata" "^1.0.3"
    soundcloud.ts "^0.5.2"
    tslint-config-prettier "^1.18.0"
    youtube-sr "^4.3.4"
    yt-stream "^1.4.4"

discord-player-tidal@^0.1.0:
  version "0.1.0"
  resolved "https://registry.npmjs.org/discord-player-tidal/-/discord-player-tidal-0.1.0.tgz"
  integrity sha512-jyzsGf7hAY5zT/nWoEjQ0uxqKQdmHefyeQQrGnqCrjdoMtHNmFy32IJ/l+AN3jkTS7IQfNmLX5eOK3WKpPr79w==
  dependencies:
    soundcloud.ts "^0.5.2"
    tidal-music-api "^1.2.1"
    youtube-sr "^4.3.11"
    yt-stream "^1.4.14"

discord-player@^6.6.2:
  version "6.6.10"
  resolved "https://registry.npmjs.org/discord-player/-/discord-player-6.6.10.tgz"
  integrity sha512-AOZnJYXOoe2hF2OENwKUIaKJ2H5U8VfxcoMKDXE++9Rnbzd7qD8MQr9Am01T1UiiPf2BWjyHin97EUm1nrTJKA==
  dependencies:
    "@discord-player/equalizer" "^0.2.3"
    "@discord-player/ffmpeg" "^0.1.0"
    "@discord-player/utils" "^0.2.2"
    "@web-scrobbler/metadata-filter" "^3.1.0"
    discord-voip "^0.1.3"
    ip "^2.0.1"
    libsodium-wrappers "^0.7.13"

discord-voip@^0.1.3:
  version "0.1.3"
  resolved "https://registry.npmjs.org/discord-voip/-/discord-voip-0.1.3.tgz"
  integrity sha512-9DWY5/BLPXeldVwPr8/ggGjggTYOTw77aGQc3+4n5K54bRbbiJ9DUJc+mJzDiSLoHN3f286eRGACJYtrUu27xA==
  dependencies:
    "@discord-player/ffmpeg" "^0.1.0"
    "@discord-player/opus" "^0.1.2"
    "@types/ws" "^8.5.5"
    discord-api-types "^0.37.50"
    prism-media "^1.3.5"
    tslib "^2.6.1"
    ws "^8.13.0"

discord.js@^14.15.3:
  version "14.15.3"
  resolved "https://registry.npmjs.org/discord.js/-/discord.js-14.15.3.tgz"
  integrity sha512-/UJDQO10VuU6wQPglA4kz2bw2ngeeSbogiIPx/TsnctfzV/tNf+q+i1HlgtX1OGpeOBpJH9erZQNO5oRM2uAtQ==
  dependencies:
    "@discordjs/builders" "^1.8.2"
    "@discordjs/collection" "1.5.3"
    "@discordjs/formatters" "^0.4.0"
    "@discordjs/rest" "^2.3.0"
    "@discordjs/util" "^1.1.0"
    "@discordjs/ws" "^1.1.1"
    "@sapphire/snowflake" "3.5.3"
    discord-api-types "0.37.83"
    fast-deep-equal "3.1.3"
    lodash.snakecase "4.1.1"
    tslib "2.6.2"
    undici "6.13.0"

dom-serializer@^2.0.0:
  version "2.0.0"
  resolved "https://registry.npmjs.org/dom-serializer/-/dom-serializer-2.0.0.tgz"
  integrity sha512-wIkAryiqt/nV5EQKqQpo3SToSOV9J0DnbJqwK7Wv/Trc92zIAYZ4FlMu+JPFW1DfGFt81ZTCGgDEabffXeLyJg==
  dependencies:
    domelementtype "^2.3.0"
    domhandler "^5.0.2"
    entities "^4.2.0"

domelementtype@^2.3.0:
  version "2.3.0"
  resolved "https://registry.npmjs.org/domelementtype/-/domelementtype-2.3.0.tgz"
  integrity sha512-OLETBj6w0OsagBwdXnPdN0cnMfF9opN69co+7ZrbfPGrdpPVNBUj02spi6B1N7wChLQiPn4CSH/zJvXw56gmHw==

domhandler@^5.0.2, domhandler@^5.0.3:
  version "5.0.3"
  resolved "https://registry.npmjs.org/domhandler/-/domhandler-5.0.3.tgz"
  integrity sha512-cgwlv/1iFQiFnU96XXgROh8xTeetsnJiDsTc7TYCLFd9+/WNkIqPTxiM/8pSd8VIrhXGTf1Ny1q1hquVqDJB5w==
  dependencies:
    domelementtype "^2.3.0"

domutils@^3.0.1:
  version "3.1.0"
  resolved "https://registry.npmjs.org/domutils/-/domutils-3.1.0.tgz"
  integrity sha512-H78uMmQtI2AhgDJjWeQmHwJJ2bLPD3GMmO7Zja/ZZh84wkm+4ut+IUnUdRa8uCGX88DiVx1j6FRe1XfxEgjEZA==
  dependencies:
    dom-serializer "^2.0.0"
    domelementtype "^2.3.0"
    domhandler "^5.0.3"

dotenv@^16.4.5:
  version "16.4.5"
  resolved "https://registry.npmjs.org/dotenv/-/dotenv-16.4.5.tgz"
  integrity sha512-ZmdL2rui+eB2YwhsWzjInR8LldtZHGDoQ1ugH85ppHKwpUHL7j7rN0Ti9NCnGiQbhaZ11FpR+7ao1dNsmduNUg==

entities@^4.2.0, entities@^4.4.0:
  version "4.5.0"
  resolved "https://registry.npmjs.org/entities/-/entities-4.5.0.tgz"
  integrity sha512-V0hjH4dGPh9Ao5p0MoRY6BVqtwCjhz6vI5LT8AJ55H+4g9/4vbHx1I54fS0XuclLhDHArPQCiMjDxjaL8fPxhw==

env-paths@^2.2.0:
  version "2.2.1"
  resolved "https://registry.npmjs.org/env-paths/-/env-paths-2.2.1.tgz"
  integrity sha512-+h1lkLKhZMTYjog1VEpJNG7NZJWcuc2DDk/qsqSTRRCOXiLjeQ1d1/udrUGhqMxUgAlwKNZ0cf2uqan5GLuS2A==

fast-deep-equal@^3.1.3, fast-deep-equal@3.1.3:
  version "3.1.3"
  resolved "https://registry.npmjs.org/fast-deep-equal/-/fast-deep-equal-3.1.3.tgz"
  integrity sha512-f3qQ9oQy9j2AhBe/H9VC91wLmKBCCU/gDOnKNAYG5hswO7BLKj09Hc5HYNz9cGI++xlpDCIgDaitVs03ATR84Q==

fetch-blob@^3.1.2, fetch-blob@^3.1.4:
  version "3.2.0"
  resolved "https://registry.npmjs.org/fetch-blob/-/fetch-blob-3.2.0.tgz"
  integrity sha512-7yAQpD2UMJzLi1Dqv7qFYnPbaPx7ZfFK6PiIxQ4PfkGPyNyl2Ugx+a/umUonmKqjhM4DnfbMvdX6otXq83soQQ==
  dependencies:
    node-domexception "^1.0.0"
    web-streams-polyfill "^3.0.3"

"ffmpeg-static@^5.0.2 || ^4.2.7 || ^3.0.0 || ^2.4.0", ffmpeg-static@^5.2.0:
  version "5.2.0"
  resolved "https://registry.npmjs.org/ffmpeg-static/-/ffmpeg-static-5.2.0.tgz"
  integrity sha512-WrM7kLW+do9HLr+H6tk7LzQ7kPqbAgLjdzNE32+u3Ff11gXt9Kkkd2nusGFrlWMIe+XaA97t+I8JS7sZIrvRgA==
  dependencies:
    "@derhuerst/http-basic" "^8.2.0"
    env-paths "^2.2.0"
    https-proxy-agent "^5.0.0"
    progress "^2.0.3"

file-type@^16.5.4:
  version "16.5.4"
  resolved "https://registry.npmjs.org/file-type/-/file-type-16.5.4.tgz"
  integrity sha512-/yFHK0aGjFEgDJjEKP0pWCplsPFPhwyfwevf/pVxiN0tmE4L9LmwWxWukdJSHdoCli4VgQLehjJtwQBnqmsKcw==
  dependencies:
    readable-web-to-node-stream "^3.0.0"
    strtok3 "^6.2.4"
    token-types "^4.1.1"

follow-redirects@^1.14.9:
  version "1.15.6"
  resolved "https://registry.npmjs.org/follow-redirects/-/follow-redirects-1.15.6.tgz"
  integrity sha512-wWN62YITEaOpSK584EZXJafH1AGpO8RVgElfkuXbTOrPX4fIfOyEpW/CsiNd8JdYrAoOvafRTOEnvsO++qCqFA==

form-data@^4.0.0:
  version "4.0.0"
  resolved "https://registry.npmjs.org/form-data/-/form-data-4.0.0.tgz"
  integrity sha512-ETEklSGi5t0QMZuiXoA/Q6vcnxcLQP5vdugSpuAyi6SVGi2clPPp+xgEhuMaHC+zGgn31Kd235W35f7Hykkaww==
  dependencies:
    asynckit "^0.4.0"
    combined-stream "^1.0.8"
    mime-types "^2.1.12"

formdata-polyfill@^4.0.10:
  version "4.0.10"
  resolved "https://registry.npmjs.org/formdata-polyfill/-/formdata-polyfill-4.0.10.tgz"
  integrity sha512-buewHzMvYL29jdeQTVILecSaZKnt/RJWjoZCF5OW60Z67/GmSLBkOFM7qh1PI3zFNtJbaZL5eQu1vLfazOwj4g==
  dependencies:
    fetch-blob "^3.1.2"

genius-lyrics@^4.4.6:
  version "4.4.7"
  resolved "https://registry.npmjs.org/genius-lyrics/-/genius-lyrics-4.4.7.tgz"
  integrity sha512-cgO5nSeFqtLZAUyWB+8XWMRBIRzPUSUC42N3CoDGRgKX1anGAyDUhM6/RVIJXCNnQa6XHZHswKcKgHaRiyl+GQ==
  dependencies:
    node-html-parser "^6.1.13"
    undici "^6.11.1"

he@1.2.0:
  version "1.2.0"
  resolved "https://registry.npmjs.org/he/-/he-1.2.0.tgz"
  integrity sha512-F/1DnUGPopORZi0ni+CvrCgHQ5FyEAHRLSApuYWMmrbSwoN2Mn/7k+Gl38gJnR7yyDZk6WLXwiGod1JOWNDKGw==

himalaya@~1.1.0:
  version "1.1.0"
  resolved "https://registry.npmjs.org/himalaya/-/himalaya-1.1.0.tgz"
  integrity sha512-LLase1dHCRMel68/HZTFft0N0wti0epHr3nNY7ynpLbyZpmrKMQ8YIpiOV77TM97cNpC8Wb2n6f66IRggwdWPw==

htmlparser2@^8.0.1:
  version "8.0.2"
  resolved "https://registry.npmjs.org/htmlparser2/-/htmlparser2-8.0.2.tgz"
  integrity sha512-GYdjWKDkbRLkZ5geuHs5NY1puJ+PXwP7+fHPRz06Eirsb9ugf6d8kkXav6ADhcODhFFPMIXyxkxSuMf3D6NCFA==
  dependencies:
    domelementtype "^2.3.0"
    domhandler "^5.0.3"
    domutils "^3.0.1"
    entities "^4.4.0"

http-cookie-agent@^6.0.5:
  version "6.0.5"
  resolved "https://registry.npmjs.org/http-cookie-agent/-/http-cookie-agent-6.0.5.tgz"
  integrity sha512-sfZ8fDgDP3B1YB+teqSnAK1aPgBu8reUUGxSsndP2XnYN6cM29EURXWXZqQQiaRdor3B4QjpkUNfv21syaO4DA==
  dependencies:
    agent-base "^7.1.1"

http-response-object@^3.0.1:
  version "3.0.2"
  resolved "https://registry.npmjs.org/http-response-object/-/http-response-object-3.0.2.tgz"
  integrity sha512-bqX0XTF6fnXSQcEJ2Iuyr75yVakyjIDCqroJQ/aHfSdlM743Cwqoi2nDYMzLGWUcuTWGWy8AAvOKXTfiv6q9RA==
  dependencies:
    "@types/node" "^10.0.3"

https-proxy-agent@^5.0.0:
  version "5.0.1"
  resolved "https://registry.npmjs.org/https-proxy-agent/-/https-proxy-agent-5.0.1.tgz"
  integrity sha512-dFcAjpTQFgoLMzC2VwU+C/CbS7uRL0lWmxDITmqm7C+7F0Odmj6s9l6alZc6AELXhrnggM2CeWSXHGOdX2YtwA==
  dependencies:
    agent-base "6"
    debug "4"

ieee754@^1.2.1:
  version "1.2.1"
  resolved "https://registry.npmjs.org/ieee754/-/ieee754-1.2.1.tgz"
  integrity sha512-dcyqhDvX1C46lXZcVqCpK+FtMRQVdIMN6/Df5js2zouUsqG7I6sFxitIC+7KYK29KdXOLHdu9zL4sFnoVQnqaA==

inherits@^2.0.3:
  version "2.0.4"
  resolved "https://registry.npmjs.org/inherits/-/inherits-2.0.4.tgz"
  integrity sha512-k/vGaX4/Yla3WzyMCvTQOXYeIHvqOKtnqBduzTHpzpQZzAskKMhZ2K+EnBiSM9zGSoIFeMpXKxa4dYeZIQqewQ==

inherits@2.0.3:
  version "2.0.3"
  resolved "https://registry.npmjs.org/inherits/-/inherits-2.0.3.tgz"
  integrity sha512-x00IRNXNy63jwGkJmzPigoySHbaqpNuzKbBOmzK+g2OdZpQ9w+sxCN+VSB3ja7IAge2OP2qpfxTjeNcyjmW1uw==

ip@^2.0.1:
  version "2.0.1"
  resolved "https://registry.npmjs.org/ip/-/ip-2.0.1.tgz"
  integrity sha512-lJUL9imLTNi1ZfXT+DU6rBBdbiKGBuay9B6xGSPVjUeQwaH1RIGqef8RZkUtHioLmSNpPR5M4HVKJGm1j8FWVQ==

isomorphic-unfetch@^4.0.2:
  version "4.0.2"
  resolved "https://registry.npmjs.org/isomorphic-unfetch/-/isomorphic-unfetch-4.0.2.tgz"
  integrity sha512-1Yd+CF/7al18/N2BDbsLBcp6RO3tucSW+jcLq24dqdX5MNbCNTw1z4BsGsp4zNmjr/Izm2cs/cEqZPp4kvWSCA==
  dependencies:
    node-fetch "^3.2.0"
    unfetch "^5.0.0"

itty-fetcher@^0.9.4:
  version "0.9.4"
  resolved "https://registry.npmjs.org/itty-fetcher/-/itty-fetcher-0.9.4.tgz"
  integrity sha512-o5YpTmov46EbzTrrVpeR9sRK3itWa32VsV9Fv04CzzDm1ZvAXG0RoOGjT9ECOwyipheNf4eLTkstfbRtG8Epgg==

libsodium-wrappers@^0.7.13:
  version "0.7.13"
  resolved "https://registry.npmjs.org/libsodium-wrappers/-/libsodium-wrappers-0.7.13.tgz"
  integrity sha512-kasvDsEi/r1fMzKouIDv7B8I6vNmknXwGiYodErGuESoFTohGSKZplFtVxZqHaoQ217AynyIFgnOVRitpHs0Qw==
  dependencies:
    libsodium "^0.7.13"

libsodium@^0.7.13:
  version "0.7.13"
  resolved "https://registry.npmjs.org/libsodium/-/libsodium-0.7.13.tgz"
  integrity sha512-mK8ju0fnrKXXfleL53vtp9xiPq5hKM0zbDQtcxQIsSmxNgSxqCj6R7Hl9PkrNe2j29T4yoDaF7DJLK9/i5iWUw==

lodash.snakecase@4.1.1:
  version "4.1.1"
  resolved "https://registry.npmjs.org/lodash.snakecase/-/lodash.snakecase-4.1.1.tgz"
  integrity sha512-QZ1d4xoBHYUeuouhEq3lk3Uq7ldgyFXGBhg04+oRLnIz8o9T65Eh+8YdroUwn846zchkA9yDsDl5CVVaV2nqYw==

lodash@^4.17.21:
  version "4.17.21"
  resolved "https://registry.npmjs.org/lodash/-/lodash-4.17.21.tgz"
  integrity sha512-v2kDEe57lecTulaDIuNTPy3Ry4gLGJ6Z1O3vE1krgXZNrsQ+LFTGHVxVjcXPs17LhbZVGedAJv8XZ1tvj5FvSg==

m3u8stream@^0.8.6:
  version "0.8.6"
  resolved "https://registry.npmjs.org/m3u8stream/-/m3u8stream-0.8.6.tgz"
  integrity sha512-LZj8kIVf9KCphiHmH7sbFQTVe4tOemb202fWwvJwR9W5ENW/1hxJN6ksAWGhQgSBSa3jyWhnjKU1Fw1GaOdbyA==
  dependencies:
    miniget "^4.2.2"
    sax "^1.2.4"

magic-bytes.js@^1.10.0:
  version "1.10.0"
  resolved "https://registry.npmjs.org/magic-bytes.js/-/magic-bytes.js-1.10.0.tgz"
  integrity sha512-/k20Lg2q8LE5xiaaSkMXk4sfvI+9EGEykFS4b0CHHGWqDYU0bGUFSwchNOMA56D7TCs9GwVTkqe9als1/ns8UQ==

mediaplex-win32-x64-msvc@0.0.9:
  version "0.0.9"
  resolved "https://registry.npmjs.org/mediaplex-win32-x64-msvc/-/mediaplex-win32-x64-msvc-0.0.9.tgz"
  integrity sha512-0H6d4AdciOam1k2iBROjePNE5FA1QkQZ2PqmODAO4ElVEBylgWzGheyAKEyZcmdjNrHORJLl2+XpIssAvsKxag==

mediaplex@^0.0.9:
  version "0.0.9"
  resolved "https://registry.npmjs.org/mediaplex/-/mediaplex-0.0.9.tgz"
  integrity sha512-D907iMYWey2RA5T0EtE82RgY3ufFYZ95/5jjty01SOSUOK8lIudjMpkaMwEewk1/tU1XpthR2/ca0U4MTGSIUw==
  optionalDependencies:
    mediaplex-android-arm64 "0.0.9"
    mediaplex-darwin-arm64 "0.0.9"
    mediaplex-darwin-universal "0.0.9"
    mediaplex-darwin-x64 "0.0.9"
    mediaplex-freebsd-x64 "0.0.9"
    mediaplex-linux-arm-gnueabihf "0.0.9"
    mediaplex-linux-x64-gnu "0.0.9"
    mediaplex-win32-arm64-msvc "0.0.9"
    mediaplex-win32-ia32-msvc "0.0.9"
    mediaplex-win32-x64-msvc "0.0.9"

mime-db@1.52.0:
  version "1.52.0"
  resolved "https://registry.npmjs.org/mime-db/-/mime-db-1.52.0.tgz"
  integrity sha512-sPU4uV7dYlvtWJxwwxHD0PuihVNiE7TyAbQ5SWxDCB9mUYvOgroQOwYQQOKPJ8CIbE+1ETVlOoK1UC2nU3gYvg==

mime-types@^2.1.12:
  version "2.1.35"
  resolved "https://registry.npmjs.org/mime-types/-/mime-types-2.1.35.tgz"
  integrity sha512-ZDY+bPm5zTTF+YpCrAU9nK0UgICYPT0QtT1NZWFv4s++TNkcgVaT0g6+4R2uI4MjQjzysHB1zxuWL50hzaeXiw==
  dependencies:
    mime-db "1.52.0"

miniget@^4.2.2:
  version "4.2.3"
  resolved "https://registry.npmjs.org/miniget/-/miniget-4.2.3.tgz"
  integrity sha512-SjbDPDICJ1zT+ZvQwK0hUcRY4wxlhhNpHL9nJOB2MEAXRGagTljsO8MEDzQMTFf0Q8g4QNi8P9lEm/g7e+qgzA==

ms@2.1.2:
  version "2.1.2"
  resolved "https://registry.npmjs.org/ms/-/ms-2.1.2.tgz"
  integrity sha512-sGkPx+VjMtmA6MX27oA4FBFELFCZZ4S4XqeGOXCv68tT+jb3vk/RyaKWP0PTKyWtmLSM0b+adUTEvbs1PEaH2w==

node-domexception@^1.0.0:
  version "1.0.0"
  resolved "https://registry.npmjs.org/node-domexception/-/node-domexception-1.0.0.tgz"
  integrity sha512-/jKZoMpw0F8GRwl4/eLROPA3cfcXtLApP0QzLmUT/HuPCZWyB7IY9ZrMeKw2O/nFIqPQB3PVM9aYm0F312AXDQ==

node-fetch@^2.6.0:
  version "2.7.0"
  resolved "https://registry.npmjs.org/node-fetch/-/node-fetch-2.7.0.tgz"
  integrity sha512-c4FRfUm/dbcWZ7U+1Wq0AwCyFL+3nt2bEw05wfxSz+DWpWsitgmSgYmy2dQdWyKC1694ELPqMs/YzUSNozLt8A==
  dependencies:
    whatwg-url "^5.0.0"

node-fetch@^3.2.0:
  version "3.3.2"
  resolved "https://registry.npmjs.org/node-fetch/-/node-fetch-3.3.2.tgz"
  integrity sha512-dRB78srN/l6gqWulah9SrxeYnxeddIG30+GOqK/9OlLVyLg3HPnr6SqOWTWOXKRwC2eGYCkZ59NNuSgvSrpgOA==
  dependencies:
    data-uri-to-buffer "^4.0.0"
    fetch-blob "^3.1.4"
    formdata-polyfill "^4.0.10"

node-html-parser@^6.1.13, node-html-parser@^6.1.4:
  version "6.1.13"
  resolved "https://registry.npmjs.org/node-html-parser/-/node-html-parser-6.1.13.tgz"
  integrity sha512-qIsTMOY4C/dAa5Q5vsobRpOOvPfC4pB61UVW2uSwZNUp0QU/jCekTal1vMmbO0DgdHeLUJpv/ARmDqErVxA3Sg==
  dependencies:
    css-select "^5.1.0"
    he "1.2.0"

nth-check@^2.0.1:
  version "2.1.1"
  resolved "https://registry.npmjs.org/nth-check/-/nth-check-2.1.1.tgz"
  integrity sha512-lqjrjmaOoAnWfMmBPL+XNnynZh2+swxiX3WUE0s4yEHI6m+AwrK2UZOimIRl3X/4QctVqS8AiZjFqyOGrMXb/w==
  dependencies:
    boolbase "^1.0.0"

opusscript@^0.0.8:
  version "0.0.8"
  resolved "https://registry.npmjs.org/opusscript/-/opusscript-0.0.8.tgz"
  integrity sha512-VSTi1aWFuCkRCVq+tx/BQ5q9fMnQ9pVZ3JU4UHKqTkf0ED3fKEPdr+gKAAl3IA2hj9rrP6iyq3hlcJq3HELtNQ==

parse-cache-control@^1.0.1:
  version "1.0.1"
  resolved "https://registry.npmjs.org/parse-cache-control/-/parse-cache-control-1.0.1.tgz"
  integrity sha512-60zvsJReQPX5/QP0Kzfd/VrpjScIQ7SHBW6bFCYfEP+fp0Eppr1SHhIO5nd1PjZtvclzSzES9D/p5nFJurwfWg==

parse5-htmlparser2-tree-adapter@^7.0.0:
  version "7.0.0"
  resolved "https://registry.npmjs.org/parse5-htmlparser2-tree-adapter/-/parse5-htmlparser2-tree-adapter-7.0.0.tgz"
  integrity sha512-B77tOZrqqfUfnVcOrUvfdLbz4pu4RopLD/4vmu3HUPswwTA8OH0EMW9BlWR2B0RCoiZRAHEUu7IxeP1Pd1UU+g==
  dependencies:
    domhandler "^5.0.2"
    parse5 "^7.0.0"

parse5@^7.0.0:
  version "7.1.2"
  resolved "https://registry.npmjs.org/parse5/-/parse5-7.1.2.tgz"
  integrity sha512-Czj1WaSVpaoj0wbhMzLmWD69anp2WH7FXMB9n1Sy8/ZFF9jolSQVMu1Ij5WIyGmcBmhk7EOndpO4mIpihVqAXw==
  dependencies:
    entities "^4.4.0"

path@^0.12.7:
  version "0.12.7"
  resolved "https://registry.npmjs.org/path/-/path-0.12.7.tgz"
  integrity sha512-aXXC6s+1w7otVF9UletFkFcDsJeO7lSZBPUQhtb5O0xJe8LtYhj/GxldoL09bBj9+ZmE2hNoHqQSFMN5fikh4Q==
  dependencies:
    process "^0.11.1"
    util "^0.10.3"

peek-readable@^4.1.0:
  version "4.1.0"
  resolved "https://registry.npmjs.org/peek-readable/-/peek-readable-4.1.0.tgz"
  integrity sha512-ZI3LnwUv5nOGbQzD9c2iDG6toheuXSZP5esSHBjopsXH4dg19soufvpUGA3uohi5anFtGb2lhAVdHzH6R/Evvg==

prism-media@^1.3.5:
  version "1.3.5"
  resolved "https://registry.npmjs.org/prism-media/-/prism-media-1.3.5.tgz"
  integrity sha512-IQdl0Q01m4LrkN1EGIE9lphov5Hy7WWlH6ulf5QdGePLlPas9p2mhgddTEHrlaXYjjFToM1/rWuwF37VF4taaA==

process@^0.11.1:
  version "0.11.10"
  resolved "https://registry.npmjs.org/process/-/process-0.11.10.tgz"
  integrity sha512-cdGef/drWFoydD1JsMzuFf8100nZl+GT+yacc2bEced5f9Rjk4z+WtFUTBu9PhOi9j/jfmBPu0mMEY4wIdAF8A==

progress@^2.0.3:
  version "2.0.3"
  resolved "https://registry.npmjs.org/progress/-/progress-2.0.3.tgz"
  integrity sha512-7PiHtLll5LdnKIMw100I+8xJXR5gW2QwWYkT6iJva0bXitZKa/XMrSbdmg3r2Xnaidz9Qumd0VPaMrZlF9V9sA==

psl@^1.1.33:
  version "1.9.0"
  resolved "https://registry.npmjs.org/psl/-/psl-1.9.0.tgz"
  integrity sha512-E/ZsdU4HLs/68gYzgGTkMicWTLPdAftJLfJFlLUAAKZGkStNU72sZjT66SnMDVOfOWY/YAoiD7Jxa9iHvngcag==

punycode@^2.1.1:
  version "2.3.1"
  resolved "https://registry.npmjs.org/punycode/-/punycode-2.3.1.tgz"
  integrity sha512-vYt7UD1U9Wg6138shLtLOvdAu+8DsC/ilFtEVHcH+wydcSpNE20AfSOduf6MkRFahL5FY7X1oU7nKVZFtfq8Fg==

querystringify@^2.1.1:
  version "2.2.0"
  resolved "https://registry.npmjs.org/querystringify/-/querystringify-2.2.0.tgz"
  integrity sha512-FIqgj2EUvTa7R50u0rGsyTftzjYmv/a3hO345bZNrqabNqjtgiDMgmo4mkUjd+nzU5oF3dClKqFIPUKybUyqoQ==

readable-stream@^3.0.2, readable-stream@^3.6.0:
  version "3.6.2"
  resolved "https://registry.npmjs.org/readable-stream/-/readable-stream-3.6.2.tgz"
  integrity sha512-9u/sniCrY3D5WdsERHzHE4G2YCXqoG5FTHUiCC4SIbr6XcLZBY05ya9EKjYek9O5xOAwjGq+1JdGBAS7Q9ScoA==
  dependencies:
    inherits "^2.0.3"
    string_decoder "^1.1.1"
    util-deprecate "^1.0.1"

readable-web-to-node-stream@^3.0.0:
  version "3.0.2"
  resolved "https://registry.npmjs.org/readable-web-to-node-stream/-/readable-web-to-node-stream-3.0.2.tgz"
  integrity sha512-ePeK6cc1EcKLEhJFt/AebMCLL+GgSKhuygrZ/GLaKZYEecIgIECf4UaUuaByiGtzckwR4ain9VzUh95T1exYGw==
  dependencies:
    readable-stream "^3.6.0"

requires-port@^1.0.0:
  version "1.0.0"
  resolved "https://registry.npmjs.org/requires-port/-/requires-port-1.0.0.tgz"
  integrity sha512-KigOCHcocU3XODJxsu8i/j8T9tzT4adHiecwORRQ0ZZFcp7ahwXuRU1m+yuO90C5ZUyGeGfocHDI14M3L3yDAQ==

reverbnation-scraper@^2.0.0:
  version "2.0.0"
  resolved "https://registry.npmjs.org/reverbnation-scraper/-/reverbnation-scraper-2.0.0.tgz"
  integrity sha512-t1Mew5QC9QEVEry5DXyagvci2O+TgXTGoMHbNoW5NRz6LTOzK/DLHUpnrQwloX8CVX5z1a802vwHM3YgUVOvKg==
  dependencies:
    node-fetch "^2.6.0"

safe-buffer@~5.2.0:
  version "5.2.1"
  resolved "https://registry.npmjs.org/safe-buffer/-/safe-buffer-5.2.1.tgz"
  integrity sha512-rp3So07KcdmmKbGvgaNxQSJr7bGVSVk5S9Eq1F+ppbRo70+YeaDxkw5Dd8NPN+GD6bjnYm2VuPuCXmpuYvmCXQ==

sax@^1.1.3, sax@^1.2.4:
  version "1.4.1"
  resolved "https://registry.npmjs.org/sax/-/sax-1.4.1.tgz"
  integrity sha512-+aWOz7yVScEGoKNd4PA10LZ8sk0A/z5+nXQG5giUO5rprX9jgYsTdov9qCchZiPIZezbZH+jRut8nPodFAX4Jg==

soundcloud.ts@^0.5.2:
  version "0.5.3"
  resolved "https://registry.npmjs.org/soundcloud.ts/-/soundcloud.ts-0.5.3.tgz"
  integrity sha512-ZMH6gG5e7WqJrIYXTv14MNArPhx3WzfrL1Ij/2qBDW8mVbNJc8lxOQOc4kLvrfvDl5TkCdZa7zXOiwD6ESXq+g==
  dependencies:
    undici "^6.17.0"

spotify-uri@~4.1.0:
  version "4.1.0"
  resolved "https://registry.npmjs.org/spotify-uri/-/spotify-uri-4.1.0.tgz"
  integrity sha512-SFpBt8pQqO7DOFBsdUjv3GxGZAKYP7UqcTflfE7h3YL1lynl/6Motq7NERoJJR8eF9kXQRSpcdMmV5ou84rbng==

spotify-url-info@^3.2.6:
  version "3.2.15"
  resolved "https://registry.npmjs.org/spotify-url-info/-/spotify-url-info-3.2.15.tgz"
  integrity sha512-NlolD2mqZjvt91hq0XVy3db55FCL2li1XBivkf/i+zUW1K9RP9nIOK5Bpg82DmBf96sjl4TYRI3zPOS94LPulQ==
  dependencies:
    himalaya "~1.1.0"
    spotify-uri "~4.1.0"

string_decoder@^1.1.1:
  version "1.3.0"
  resolved "https://registry.npmjs.org/string_decoder/-/string_decoder-1.3.0.tgz"
  integrity sha512-hkRX8U1WjJFd8LsDJ2yQ/wWWxaopEsABU1XfkM8A+j0+85JAGppt16cr1Whg6KIbb4okU6Mql6BOj+uup/wKeA==
  dependencies:
    safe-buffer "~5.2.0"

strtok3@^6.2.4:
  version "6.3.0"
  resolved "https://registry.npmjs.org/strtok3/-/strtok3-6.3.0.tgz"
  integrity sha512-fZtbhtvI9I48xDSywd/somNqgUHl2L2cstmXCCif0itOf96jeW18MBSyrLuNicYQVkvpOxkZtkzujiTJ9LW5Jw==
  dependencies:
    "@tokenizer/token" "^0.3.0"
    peek-readable "^4.1.0"

tidal-music-api@^1.2.1:
  version "1.2.1"
  resolved "https://registry.npmjs.org/tidal-music-api/-/tidal-music-api-1.2.1.tgz"
  integrity sha512-7Gu0ncHWIX2VJQYgLw9oNywkMC0JmVTjDpTQJU3mgfrf9ZqhoQwajhYKYmwsVcDiJcMUZx7UQDIFM3LgEw0MHw==
  dependencies:
    itty-fetcher "^0.9.4"

token-types@^4.1.1:
  version "4.2.1"
  resolved "https://registry.npmjs.org/token-types/-/token-types-4.2.1.tgz"
  integrity sha512-6udB24Q737UD/SDsKAHI9FCRP7Bqc9D/MQUV02ORQg5iskjtLJlZJNdN4kKtcdtwCeWIwIHDGaUsTsCCAa8sFQ==
  dependencies:
    "@tokenizer/token" "^0.3.0"
    ieee754 "^1.2.1"

tough-cookie@^4.0.0, tough-cookie@^4.1.4:
  version "4.1.4"
  resolved "https://registry.npmjs.org/tough-cookie/-/tough-cookie-4.1.4.tgz"
  integrity sha512-Loo5UUvLD9ScZ6jh8beX1T6sO1w2/MpCRpEP7V280GKMVUQ0Jzar2U3UJPsrdbziLEMMhu3Ujnq//rhiFuIeag==
  dependencies:
    psl "^1.1.33"
    punycode "^2.1.1"
    universalify "^0.2.0"
    url-parse "^1.5.3"

tr46@~0.0.3:
  version "0.0.3"
  resolved "https://registry.npmjs.org/tr46/-/tr46-0.0.3.tgz"
  integrity sha512-N3WMsuqV66lT30CrXNbEjx4GEwlow3v6rr4mCcv6prnfwhS01rkgyFdjPNBYd9br7LpXV1+Emh01fHnq2Gdgrw==

ts-mixer@^6.0.4:
  version "6.0.4"
  resolved "https://registry.npmjs.org/ts-mixer/-/ts-mixer-6.0.4.tgz"
  integrity sha512-ufKpbmrugz5Aou4wcr5Wc1UUFWOLhq+Fm6qa6P0w0K5Qw2yhaUoiWszhCVuNQyNwrlGiscHOmqYoAox1PtvgjA==

tslib@^2.6.1, tslib@^2.6.2:
  version "2.6.3"
  resolved "https://registry.npmjs.org/tslib/-/tslib-2.6.3.tgz"
  integrity sha512-xNvxJEOUiWPGhUuUdQgAJPKOOJfGnIyKySOc09XkKsgdUV/3E2zvwZYdejjmRgPCgcym1juLH3226yA7sEFJKQ==

tslib@2.6.2:
  version "2.6.2"
  resolved "https://registry.npmjs.org/tslib/-/tslib-2.6.2.tgz"
  integrity sha512-AEYxH93jGFPn/a2iVAwW87VuUIkR1FVUKB77NwMF7nBTDkDrrT/Hpt/IrCJ0QXhW27jTBDcf5ZY7w6RiqTMw2Q==

tslint-config-prettier@^1.18.0:
  version "1.18.0"
  resolved "https://registry.npmjs.org/tslint-config-prettier/-/tslint-config-prettier-1.18.0.tgz"
  integrity sha512-xPw9PgNPLG3iKRxmK7DWr+Ea/SzrvfHtjFt5LBl61gk2UBG/DB9kCXRjv+xyIU1rUtnayLeMUVJBcMX8Z17nDg==

typedarray@^0.0.6:
  version "0.0.6"
  resolved "https://registry.npmjs.org/typedarray/-/typedarray-0.0.6.tgz"
  integrity sha512-/aCDEGatGvZ2BIk+HmLf4ifCJFwvKFNb9/JeZPMulfgFracn9QFcAf5GO8B/mweUjSoblS5In0cWhqpfs/5PQA==

undici-types@~5.26.4:
  version "5.26.5"
  resolved "https://registry.npmjs.org/undici-types/-/undici-types-5.26.5.tgz"
  integrity sha512-JlCMO+ehdEIKqlFxk6IfVoAUVmgz7cU7zD/h9XZ0qzeosSHmUJVOzSQvvYSYWXkFXC+IfLKSIffhv0sVZup6pA==

"undici@^5.11.0 || ^6.0.0", undici@^6.11.1, undici@6.13.0:
  version "6.13.0"
  resolved "https://registry.npmjs.org/undici/-/undici-6.13.0.tgz"
  integrity sha512-Q2rtqmZWrbP8nePMq7mOJIN98M0fYvSgV89vwl/BQRT4mDOeY2GXZngfGpcBBhtky3woM7G24wZV3Q304Bv6cw==

undici@^6.17.0:
  version "6.19.0"
  resolved "https://registry.npmjs.org/undici/-/undici-6.19.0.tgz"
  integrity sha512-9gGwbSLgYMjp4r6M5P9bhqhx1E+RyUIHqZE0r7BmrRoqroJUG6xlVu5TXH9DnwmCPLkcaVNrcYtxUE9d3InnyQ==

unfetch@^5.0.0:
  version "5.0.0"
  resolved "https://registry.npmjs.org/unfetch/-/unfetch-5.0.0.tgz"
  integrity sha512-3xM2c89siXg0nHvlmYsQ2zkLASvVMBisZm5lF3gFDqfF2xonNStDJyMpvaOBe0a1Edxmqrf2E0HBdmy9QyZaeg==

universalify@^0.2.0:
  version "0.2.0"
  resolved "https://registry.npmjs.org/universalify/-/universalify-0.2.0.tgz"
  integrity sha512-CJ1QgKmNg3CwvAv/kOFmtnEN05f0D/cn9QntgNOQlQF9dgvVTHj3t+8JPdjqawCHk7V/KA+fbUqzZ9XWhcqPUg==

url-parse@^1.5.3:
  version "1.5.10"
  resolved "https://registry.npmjs.org/url-parse/-/url-parse-1.5.10.tgz"
  integrity sha512-WypcfiRhfeUP9vvF0j6rw0J3hrWrw6iZv3+22h6iRMJ/8z1Tj6XfLP4DsUix5MhMPnXpiHDoKyoZ/bdCkwBCiQ==
  dependencies:
    querystringify "^2.1.1"
    requires-port "^1.0.0"

util-deprecate@^1.0.1:
  version "1.0.2"
  resolved "https://registry.npmjs.org/util-deprecate/-/util-deprecate-1.0.2.tgz"
  integrity sha512-EPD5q1uXyFxJpCrLnCc1nHnq3gOa6DZBocAIiI2TaSCA7VCJ1UJDMagCzIkXNsUYfD1daK//LTEQ8xiIbrHtcw==

util@^0.10.3:
  version "0.10.4"
  resolved "https://registry.npmjs.org/util/-/util-0.10.4.tgz"
  integrity sha512-0Pm9hTQ3se5ll1XihRic3FDIku70C+iHUdT/W926rSgHV5QgXsYbKZN8MSC3tJtSkhuROzvsQjAaFENRXr+19A==
  dependencies:
    inherits "2.0.3"

valuesaver@^1.9.3:
  version "1.9.3"
  resolved "https://registry.npmjs.org/valuesaver/-/valuesaver-1.9.3.tgz"
  integrity sha512-zShKAYZnnNgmNHsiHpes7dQHcFMTf0howTnjBBZkLQN8GMcUMw41Nji+0dNFDQ7EZ5mdIx8QIFIm3FVmVVKZ3w==
  dependencies:
    path "^0.12.7"

web-streams-polyfill@^3.0.3:
  version "3.3.3"
  resolved "https://registry.npmjs.org/web-streams-polyfill/-/web-streams-polyfill-3.3.3.tgz"
  integrity sha512-d2JWLCivmZYTSIoge9MsgFCZrt571BikcWGYkjC1khllbTeDlGqZ2D8vD8E/lJa8WGWbb7Plm8/XJYV7IJHZZw==

webidl-conversions@^3.0.0:
  version "3.0.1"
  resolved "https://registry.npmjs.org/webidl-conversions/-/webidl-conversions-3.0.1.tgz"
  integrity sha512-2JAn3z8AR6rjK8Sm8orRC0h/bcl/DqL7tRPdGZ4I1CjdF+EaMLmYxBHyXuKL849eucPFhvBoxMsflfOb8kxaeQ==

whatwg-url@^5.0.0:
  version "5.0.0"
  resolved "https://registry.npmjs.org/whatwg-url/-/whatwg-url-5.0.0.tgz"
  integrity sha512-saE57nupxk6v3HY35+jzBwYa0rKSy0XR8JSxZPwgLr7ys0IBzhGviA1/TUGJLmSVqs8pb9AnvICXEuOHLprYTw==
  dependencies:
    tr46 "~0.0.3"
    webidl-conversions "^3.0.0"

ws@^8.13.0, ws@^8.16.0:
  version "8.17.0"
  resolved "https://registry.npmjs.org/ws/-/ws-8.17.0.tgz"
  integrity sha512-uJq6108EgZMAl20KagGkzCKfMEjxmKvZHG7Tlq0Z6nOky7YF7aq4mOx6xK8TJ/i1LeK4Qus7INktacctDgY8Ow==

youtube-sr@^4.3.11, youtube-sr@^4.3.4, youtube-sr@^4.3.9:
  version "4.3.11"
  resolved "https://registry.npmjs.org/youtube-sr/-/youtube-sr-4.3.11.tgz"
  integrity sha512-3oHiS2x7PpMiDRW7Cq8nz1bkAIBOJHoOwkPl/oncM/+A9/3xxMDgMLGW2dsBEP1DHFyRXYTVABgfbdwHF8sXXQ==

yt-stream@^1.4.14, yt-stream@^1.4.4:
  version "1.5.8"
  resolved "https://registry.npmjs.org/yt-stream/-/yt-stream-1.5.8.tgz"
  integrity sha512-GuFNSATP+gsSB00AgvnWCNeYruZ64sieXuHXSjm4n7O4UacC2ah9LTwKR5OJuq4YomlbQ7IR7JUSosvY3Rf0kg==
  dependencies:
    http-cookie-agent "^6.0.5"
    tough-cookie "^4.1.4"
    valuesaver "^1.9.3"

ytdl-core@^4.11.5:
  version "4.11.5"
  resolved "https://registry.npmjs.org/ytdl-core/-/ytdl-core-4.11.5.tgz"
  integrity sha512-27LwsW4n4nyNviRCO1hmr8Wr5J1wLLMawHCQvH8Fk0hiRqrxuIu028WzbJetiYH28K8XDbeinYW4/wcHQD1EXA==
  dependencies:
    m3u8stream "^0.8.6"
    miniget "^4.2.2"
    sax "^1.1.3"
